
Microsoft Visual Studio Solution File, Format Version 12.00
# Visual Studio Version 16
VisualStudioVersion = 16.0.810.8
MinimumVisualStudioVersion = 10.0.40219.1
Project("{F2A71F9B-5D33-465A-A702-920D77279786}") = "FirstLab", "FirstLab\FirstLab.fsproj", "{AA0E2B68-FBEE-4826-AC57-DC5CF9B47DC5}"
EndProject
Project("{F2A71F9B-5D33-465A-A702-920D77279786}") = "SecondLab", "SecondLab\SecondLab.fsproj", "{600DFF9B-33B4-42CD-AB7C-DAC148B3CA1C}"
EndProject
Project("{F2A71F9B-5D33-465A-A702-920D77279786}") = "Lab3", "Lab3\Lab3.fsproj", "{0BBD09F5-7F45-4E20-B3CF-040E300A693F}"
EndProject
Global
	GlobalSection(SolutionConfigurationPlatforms) = preSolution
		Debug|Any CPU = Debug|Any CPU
		Release|Any CPU = Release|Any CPU
	EndGlobalSection
	GlobalSection(ProjectConfigurationPlatforms) = postSolution
		{AA0E2B68-FBEE-4826-AC57-DC5CF9B47DC5}.Debug|Any CPU.ActiveCfg = Debug|Any CPU
		{AA0E2B68-FBEE-4826-AC57-DC5CF9B47DC5}.Debug|Any CPU.Build.0 = Debug|Any CPU
		{AA0E2B68-FBEE-4826-AC57-DC5CF9B47DC5}.Release|Any CPU.ActiveCfg = Release|Any CPU
		{AA0E2B68-FBEE-4826-AC57-DC5CF9B47DC5}.Release|Any CPU.Build.0 = Release|Any CPU
		{600DFF9B-33B4-42CD-AB7C-DAC148B3CA1C}.Debug|Any CPU.ActiveCfg = Debug|Any CPU
		{600DFF9B-33B4-42CD-AB7C-DAC148B3CA1C}.Debug|Any CPU.Build.0 = Debug|Any CPU
		{600DFF9B-33B4-42CD-AB7C-DAC148B3CA1C}.Release|Any CPU.ActiveCfg = Release|Any CPU
		{600DFF9B-33B4-42CD-AB7C-DAC148B3CA1C}.Release|Any CPU.Build.0 = Release|Any CPU
		{0BBD09F5-7F45-4E20-B3CF-040E300A693F}.Debug|Any CPU.ActiveCfg = Debug|Any CPU
		{0BBD09F5-7F45-4E20-B3CF-040E300A693F}.Debug|Any CPU.Build.0 = Debug|Any CPU
		{0BBD09F5-7F45-4E20-B3CF-040E300A693F}.Release|Any CPU.ActiveCfg = Release|Any CPU
		{0BBD09F5-7F45-4E20-B3CF-040E300A693F}.Release|Any CPU.Build.0 = Release|Any CPU
	EndGlobalSection
	GlobalSection(SolutionProperties) = preSolution
		HideSolutionNode = FALSE
	EndGlobalSection
	GlobalSection(ExtensibilityGlobals) = postSolution
		SolutionGuid = {8532C018-A1DA-4EDC-9781-3CD6594BDD48}
	EndGlobalSection
EndGlobal
